# This file is automatically @generated by Cargo.
# It is not intended for manual editing.
[[package]]
name = "cc"
version = "1.0.50"
source = "registry+https://github.com/rust-lang/crates.io-index"
checksum = "95e28fa049fda1c330bcf9d723be7663a899c4679724b34c81e9f5a326aab8cd"

[[package]]
name = "cfg-if"
version = "0.1.10"
source = "registry+https://github.com/rust-lang/crates.io-index"
checksum = "4785bdd1c96b2a846b2bd7cc02e86b6b3dbf14e7e53446c4f54c92a361040822"

[[package]]
name = "gpio"
version = "0.0.0"
dependencies = [
 "ruspiro-allocator",
 "ruspiro-boot",
 "ruspiro-gpio",
 "ruspiro-interrupt",
 "ruspiro-singleton",
]

[[package]]
name = "log"
version = "0.4.8"
source = "registry+https://github.com/rust-lang/crates.io-index"
checksum = "14b6052be84e6b71ab17edffc2eeabf5c2c3ae1fdb464aae35ac50c67a44e1f7"
dependencies = [
 "cfg-if",
]

[[package]]
name = "paste"
version = "0.1.10"
source = "registry+https://github.com/rust-lang/crates.io-index"
checksum = "ab4fb1930692d1b6a9cfabdde3d06ea0a7d186518e2f4d67660d8970e2fa647a"
dependencies = [
 "paste-impl",
 "proc-macro-hack",
]

[[package]]
name = "paste-impl"
version = "0.1.10"
source = "registry+https://github.com/rust-lang/crates.io-index"
checksum = "a62486e111e571b1e93b710b61e8f493c0013be39629b714cb166bdb06aa5a8a"
dependencies = [
 "proc-macro-hack",
 "proc-macro2 1.0.10",
 "quote 1.0.3",
 "syn 1.0.17",
]

[[package]]
name = "pin-utils"
version = "0.1.0-alpha.4"
source = "registry+https://github.com/rust-lang/crates.io-index"
checksum = "5894c618ce612a3fa23881b152b608bafb8c56cfc22f434a3ba3120b40f7b587"

[[package]]
name = "proc-macro-hack"
version = "0.5.15"
source = "registry+https://github.com/rust-lang/crates.io-index"
checksum = "0d659fe7c6d27f25e9d80a1a094c223f5246f6a6596453e09d7229bf42750b63"

[[package]]
name = "proc-macro2"
version = "0.4.30"
source = "registry+https://github.com/rust-lang/crates.io-index"
checksum = "cf3d2011ab5c909338f7887f4fc896d35932e29146c12c8d01da6b22a80ba759"
dependencies = [
 "unicode-xid 0.1.0",
]

[[package]]
name = "proc-macro2"
version = "1.0.10"
source = "registry+https://github.com/rust-lang/crates.io-index"
checksum = "df246d292ff63439fea9bc8c0a270bed0e390d5ebd4db4ba15aba81111b5abe3"
dependencies = [
 "unicode-xid 0.2.0",
]

[[package]]
name = "quote"
version = "0.6.13"
source = "registry+https://github.com/rust-lang/crates.io-index"
checksum = "6ce23b6b870e8f94f81fb0a363d65d86675884b34a09043c81e5562f11c1f8e1"
dependencies = [
 "proc-macro2 0.4.30",
]

[[package]]
name = "quote"
version = "1.0.3"
source = "registry+https://github.com/rust-lang/crates.io-index"
checksum = "2bdc6c187c65bca4260c9011c9e3132efe4909da44726bad24cf7572ae338d7f"
dependencies = [
 "proc-macro2 1.0.10",
]

[[package]]
name = "ruspiro-allocator"
version = "0.4.0"

[[package]]
name = "ruspiro-boot"
version = "0.3.1"
dependencies = [
 "cc",
 "log",
 "ruspiro-cache",
 "ruspiro-gpio",
 "ruspiro-interrupt",
 "ruspiro-mailbox",
 "ruspiro-register",
 "ruspiro-singleton",
 "ruspiro-timer",
 "ruspiro-uart",
]

[[package]]
name = "ruspiro-cache"
version = "0.3.0"
dependencies = [
 "cc",
]

[[package]]
name = "ruspiro-console"
version = "0.3.1"
dependencies = [
 "ruspiro-singleton",
]

[[package]]
name = "ruspiro-core"
version = "0.1.0"
dependencies = [
 "pin-utils",
]

[[package]]
name = "ruspiro-error"
version = "0.1.0"

[[package]]
name = "ruspiro-gpio"
version = "0.4.0"
dependencies = [
 "ruspiro-error",
 "ruspiro-gpio-hal",
 "ruspiro-interrupt",
 "ruspiro-register",
]

[[package]]
name = "ruspiro-gpio-hal"
version = "0.1.0"
dependencies = [
 "ruspiro-error",
]

[[package]]
name = "ruspiro-interrupt"
version = "0.3.1"
dependencies = [
 "paste",
 "ruspiro-interrupt-core",
 "ruspiro-interrupt-macros",
 "ruspiro-register",
 "ruspiro-singleton",
]

[[package]]
name = "ruspiro-interrupt-core"
version = "0.3.0"
source = "registry+https://github.com/rust-lang/crates.io-index"
checksum = "c7b390251fac17053254f0f0bacace3ff6732b6eae4b73ef8343ba5463f3db1f"

[[package]]
name = "ruspiro-interrupt-macros"
version = "0.2.1"
source = "registry+https://github.com/rust-lang/crates.io-index"
checksum = "3bf47835aae38b0614fb790f4f3ba175fbafeeb02ba16ec8f430ef5268825b65"
dependencies = [
 "quote 0.6.13",
 "syn 0.15.44",
]

[[package]]
name = "ruspiro-lock"
version = "0.3.2"

[[package]]
name = "ruspiro-mailbox"
version = "0.3.0"
dependencies = [
 "paste",
 "ruspiro-cache",
 "ruspiro-console",
 "ruspiro-register",
 "ruspiro-singleton",
]

[[package]]
name = "ruspiro-register"
version = "0.4.2"

[[package]]
name = "ruspiro-singleton"
version = "0.3.0"
dependencies = [
 "ruspiro-lock",
]

[[package]]
name = "ruspiro-timer"
version = "0.4.0"
dependencies = [
 "ruspiro-interrupt",
 "ruspiro-register",
 "ruspiro-singleton",
]

[[package]]
name = "ruspiro-uart"
version = "0.3.1"
dependencies = [
 "ruspiro-console",
 "ruspiro-core",
 "ruspiro-error",
 "ruspiro-gpio",
 "ruspiro-gpio-hal",
 "ruspiro-interrupt",
 "ruspiro-register",
 "ruspiro-singleton",
 "ruspiro-timer",
]

[[package]]
name = "syn"
version = "0.15.44"
source = "registry+https://github.com/rust-lang/crates.io-index"
checksum = "9ca4b3b69a77cbe1ffc9e198781b7acb0c7365a883670e8f1c1bc66fba79a5c5"
dependencies = [
 "proc-macro2 0.4.30",
 "quote 0.6.13",
 "unicode-xid 0.1.0",
]

[[package]]
name = "syn"
version = "1.0.17"
source = "registry+https://github.com/rust-lang/crates.io-index"
checksum = "0df0eb663f387145cab623dea85b09c2c5b4b0aef44e945d928e682fce71bb03"
dependencies = [
 "proc-macro2 1.0.10",
 "quote 1.0.3",
 "unicode-xid 0.2.0",
]

[[package]]
name = "unicode-xid"
version = "0.1.0"
source = "registry+https://github.com/rust-lang/crates.io-index"
checksum = "fc72304796d0818e357ead4e000d19c9c174ab23dc11093ac919054d20a6a7fc"

[[package]]
name = "unicode-xid"
version = "0.2.0"
source = "registry+https://github.com/rust-lang/crates.io-index"
checksum = "826e7639553986605ec5979c7dd957c7895e93eabed50ab2ffa7f6128a75097c"
